Microsoft Visual Studio Solution File, Format Version 11.00
# Visual Studio 2008

Project("{4A035852-80E3-2FED-F480-62CC2943A44C}") = "Level Demo", "Assembly-CSharp-firstpass.csproj", "{DB9F907F-563C-1376-9910-24CED8601EAC}"
EndProject
Project("{4A035852-80E3-2FED-F480-62CC2943A44C}") = "Level Demo", "Assembly-CSharp.csproj", "{64EE432E-394A-596F-4AD7-162FA48A3AB8}"
EndProject
Project("{4A035852-80E3-2FED-F480-62CC2943A44C}") = "Level Demo", "Assembly-CSharp-Editor-firstpass.csproj", "{64B75426-65F6-DAE3-291A-F48A1ABE9397}"
EndProject
Global
	GlobalSection(SolutionConfigurationPlatforms) = preSolution
		Debug|Any CPU = Debug|Any CPU
		Release|Any CPU = Release|Any CPU
	EndGlobalSection
	GlobalSection(ProjectConfigurationPlatforms) = postSolution
		{DB9F907F-563C-1376-9910-24CED8601EAC}.Debug|Any CPU.ActiveCfg = Debug|Any CPU
		{DB9F907F-563C-1376-9910-24CED8601EAC}.Debug|Any CPU.Build.0 = Debug|Any CPU
		{DB9F907F-563C-1376-9910-24CED8601EAC}.Release|Any CPU.ActiveCfg = Release|Any CPU
		{DB9F907F-563C-1376-9910-24CED8601EAC}.Release|Any CPU.Build.0 = Release|Any CPU
		{64EE432E-394A-596F-4AD7-162FA48A3AB8}.Debug|Any CPU.ActiveCfg = Debug|Any CPU
		{64EE432E-394A-596F-4AD7-162FA48A3AB8}.Debug|Any CPU.Build.0 = Debug|Any CPU
		{64EE432E-394A-596F-4AD7-162FA48A3AB8}.Release|Any CPU.ActiveCfg = Release|Any CPU
		{64EE432E-394A-596F-4AD7-162FA48A3AB8}.Release|Any CPU.Build.0 = Release|Any CPU
		{64B75426-65F6-DAE3-291A-F48A1ABE9397}.Debug|Any CPU.ActiveCfg = Debug|Any CPU
		{64B75426-65F6-DAE3-291A-F48A1ABE9397}.Debug|Any CPU.Build.0 = Debug|Any CPU
		{64B75426-65F6-DAE3-291A-F48A1ABE9397}.Release|Any CPU.ActiveCfg = Release|Any CPU
		{64B75426-65F6-DAE3-291A-F48A1ABE9397}.Release|Any CPU.Build.0 = Release|Any CPU
	EndGlobalSection
	GlobalSection(SolutionProperties) = preSolution
		HideSolutionNode = FALSE
	EndGlobalSection
														GlobalSection(MonoDevelopProperties) = preSolution
		StartupItem = Assembly-CSharp.csproj
		Policies = $0
		$0.TextStylePolicy = $3
		$1.inheritsSet = null
		$1.scope = text/x-csharp
		$0.CSharpFormattingPolicy = $2
		$2.inheritsSet = Mono
		$2.inheritsScope = text/x-csharp
		$2.scope = text/x-csharp
		$3.FileWidth = 120
		$3.TabWidth = 4
		$3.IndentWidth = 4
		$3.EolMarker = Unix
		$3.inheritsSet = Mono
		$3.inheritsScope = text/plain
		$3.scope = text/plain
	EndGlobalSection

EndGlobal
